
Microsoft Visual Studio Solution File, Format Version 12.00
# Visual Studio Version 17
VisualStudioVersion = 17.6.33829.357
MinimumVisualStudioVersion = 10.0.40219.1
Project("{FAE04EC0-301F-11D3-BF4B-00C04F79EFBC}") = "WindowsFormsApp1", "WindowsFormsApp1\WindowsFormsApp1.csproj", "{223233BE-474B-4473-8CA3-43E97A37B6B3}"
EndProject
Global
	GlobalSection(SolutionConfigurationPlatforms) = preSolution
		Debug|Any CPU = Debug|Any CPU
		Release|Any CPU = Release|Any CPU
	EndGlobalSection
	GlobalSection(ProjectConfigurationPlatforms) = postSolution
		{223233BE-474B-4473-8CA3-43E97A37B6B3}.Debug|Any CPU.ActiveCfg = Debug|Any CPU
		{223233BE-474B-4473-8CA3-43E97A37B6B3}.Debug|Any CPU.Build.0 = Debug|Any CPU
		{223233BE-474B-4473-8CA3-43E97A37B6B3}.Release|Any CPU.ActiveCfg = Release|Any CPU
		{223233BE-474B-4473-8CA3-43E97A37B6B3}.Release|Any CPU.Build.0 = Release|Any CPU
	EndGlobalSection
	GlobalSection(SolutionProperties) = preSolution
		HideSolutionNode = FALSE
	EndGlobalSection
	GlobalSection(ExtensibilityGlobals) = postSolution
		SolutionGuid = {1AECE3D0-B4E5-432A-8C8A-606319744413}
	EndGlobalSection
EndGlobal
